{
  "version": 4,
  "terraform_version": "1.9.3",
  "serial": 267,
  "lineage": "dd640d25-2ca9-93b4-2c30-b16b343b01a5",
  "outputs": {
    "application_id": {
      "value": "/applications/1cea3725-d247-4d30-9afa-f6babc5c4f64",
      "type": "string"
    },
    "rg_name": {
      "value": "skillup-0d800428-c246-45e1-b6c8-75b09b82de2a-rg",
      "type": "string"
    },
    "user_principal_name": {
      "value": "antiviruuz_gmail.com#EXT#@antiviruuzgmail.onmicrosoft.com",
      "type": "string"
    }
  },
  "resources": [
    {
      "mode": "data",
      "type": "azuread_domains",
      "name": "default",
      "provider": "provider[\"registry.terraform.io/hashicorp/azuread\"]",
      "instances": [
        {
          "schema_version": 0,
          "attributes": {
            "admin_managed": false,
            "domains": [
              {
                "admin_managed": true,
                "authentication_type": "Managed",
                "default": true,
                "domain_name": "antiviruuzgmail.onmicrosoft.com",
                "initial": true,
                "root": true,
                "supported_services": [
                  "Email",
                  "OfficeCommunicationsOnline"
                ],
                "verified": true
              }
            ],
            "id": "domains#e059c5bb-b32d-43ad-a19c-bc21de8d1387#Bl-T288VZCdypRrQGUJ13RD0AWs=",
            "include_unverified": false,
            "only_default": false,
            "only_initial": true,
            "only_root": false,
            "supports_services": [],
            "timeouts": null
          },
          "sensitive_attributes": []
        }
      ]
    },
    {
      "mode": "data",
      "type": "azuread_user",
      "name": "current_user",
      "provider": "provider[\"registry.terraform.io/hashicorp/azuread\"]",
      "instances": [
        {
          "schema_version": 0,
          "attributes": {
            "account_enabled": true,
            "age_group": "",
            "business_phones": [],
            "city": "",
            "company_name": "",
            "consent_provided_for_minor": "",
            "cost_center": null,
            "country": "",
            "creation_type": "",
            "department": "",
            "display_name": "Artem Vashchenko",
            "division": null,
            "employee_id": "",
            "employee_type": "",
            "external_user_state": "",
            "fax_number": "",
            "given_name": "Artem",
            "id": "0d800428-c246-45e1-b6c8-75b09b82de2a",
            "im_addresses": [],
            "job_title": "",
            "mail": "",
            "mail_nickname": "antiviruuz_gmail.com#EXT#",
            "manager_id": "",
            "mobile_phone": "",
            "object_id": "0d800428-c246-45e1-b6c8-75b09b82de2a",
            "office_location": "",
            "onpremises_distinguished_name": "",
            "onpremises_domain_name": "",
            "onpremises_immutable_id": "",
            "onpremises_sam_account_name": "",
            "onpremises_security_identifier": "",
            "onpremises_sync_enabled": false,
            "onpremises_user_principal_name": "",
            "other_mails": [
              "antiviruuz@gmail.com"
            ],
            "postal_code": "",
            "preferred_language": "en",
            "proxy_addresses": [],
            "show_in_address_list": false,
            "state": "",
            "street_address": "",
            "surname": "Vashchenko",
            "timeouts": null,
            "usage_location": "UA",
            "user_principal_name": "antiviruuz_gmail.com#EXT#@antiviruuzgmail.onmicrosoft.com",
            "user_type": "Member"
          },
          "sensitive_attributes": []
        }
      ]
    },
    {
      "mode": "data",
      "type": "azurerm_client_config",
      "name": "current",
      "provider": "provider[\"registry.terraform.io/hashicorp/azurerm\"]",
      "instances": [
        {
          "schema_version": 0,
          "attributes": {
            "client_id": "04b07795-8ddb-461a-bbee-02f9e1bf7b46",
            "id": "Y2xpZW50Q29uZmlncy9jbGllbnRJZD0wNGIwNzc5NS04ZGRiLTQ2MWEtYmJlZS0wMmY5ZTFiZjdiNDY7b2JqZWN0SWQ9MGQ4MDA0MjgtYzI0Ni00NWUxLWI2YzgtNzViMDliODJkZTJhO3N1YnNjcmlwdGlvbklkPTc2NTQ4NWMzLTEzYjUtNDc1Ni1iODMxLWFjOWY3MWQ3OGQ4MTt0ZW5hbnRJZD1lMDU5YzViYi1iMzJkLTQzYWQtYTE5Yy1iYzIxZGU4ZDEzODc=",
            "object_id": "0d800428-c246-45e1-b6c8-75b09b82de2a",
            "subscription_id": "765485c3-13b5-4756-b831-ac9f71d78d81",
            "tenant_id": "e059c5bb-b32d-43ad-a19c-bc21de8d1387",
            "timeouts": null
          },
          "sensitive_attributes": []
        }
      ]
    },
    {
      "mode": "data",
      "type": "azurerm_subscription",
      "name": "primary",
      "provider": "provider[\"registry.terraform.io/hashicorp/azurerm\"]",
      "instances": [
        {
          "schema_version": 0,
          "attributes": {
            "display_name": "Azure subscription 1",
            "id": "/subscriptions/765485c3-13b5-4756-b831-ac9f71d78d81",
            "location_placement_id": "Public_2014-09-01",
            "quota_id": "FreeTrial_2014-09-01",
            "spending_limit": "On",
            "state": "Enabled",
            "subscription_id": "765485c3-13b5-4756-b831-ac9f71d78d81",
            "tags": {
              "purpose": "Skillup",
              "startdate-0d800428-c246-45e1-b6c8-75b09b82de2a": "16.08.24"
            },
            "tenant_id": "e059c5bb-b32d-43ad-a19c-bc21de8d1387",
            "timeouts": null
          },
          "sensitive_attributes": []
        }
      ]
    },
    {
      "mode": "managed",
      "type": "azuread_application_password",
      "name": "pass",
      "provider": "provider[\"registry.terraform.io/hashicorp/azuread\"]",
      "instances": [
        {
          "schema_version": 1,
          "attributes": {
            "application_id": "/applications/1cea3725-d247-4d30-9afa-f6babc5c4f64",
            "application_object_id": "1cea3725-d247-4d30-9afa-f6babc5c4f64",
            "display_name": "SkillupSubscriptionSecret",
            "end_date": "2026-08-21T15:41:50Z",
            "end_date_relative": null,
            "id": "1cea3725-d247-4d30-9afa-f6babc5c4f64/password/41d1af04-874d-42ae-a6bf-81c41054eed2",
            "key_id": "41d1af04-874d-42ae-a6bf-81c41054eed2",
            "rotate_when_changed": {
              "rotation": "60"
            },
            "start_date": "2024-08-21T15:41:50Z",
            "timeouts": null,
            "value": "55.8Q~ooLEOHW7x4oSNnhbE2LEO8nWP.FG4Mwa6j"
          },
          "sensitive_attributes": [
            [
              {
                "type": "get_attr",
                "value": "value"
              }
            ]
          ],
          "private": "eyJlMmJmYjczMC1lY2FhLTExZTYtOGY4OC0zNDM2M2JjN2M0YzAiOnsiY3JlYXRlIjo5MDAwMDAwMDAwMDAsImRlbGV0ZSI6MzAwMDAwMDAwMDAwLCJyZWFkIjozMDAwMDAwMDAwMDAsInVwZGF0ZSI6MzAwMDAwMDAwMDAwfSwic2NoZW1hX3ZlcnNpb24iOiIxIn0=",
          "dependencies": [
            "azuread_application_registration.app",
            "data.azuread_user.current_user",
            "data.azurerm_client_config.current"
          ]
        }
      ]
    },
    {
      "mode": "managed",
      "type": "azuread_application_registration",
      "name": "app",
      "provider": "provider[\"registry.terraform.io/hashicorp/azuread\"]",
      "instances": [
        {
          "schema_version": 0,
          "attributes": {
            "client_id": "3a8900bb-ecb0-4f72-a4b4-d54fcaee5cec",
            "description": "",
            "disabled_by_microsoft": "",
            "display_name": "skillup-0d800428-c246-45e1-b6c8-75b09b82de2a-cicd-app",
            "group_membership_claims": null,
            "homepage_url": "",
            "id": "/applications/1cea3725-d247-4d30-9afa-f6babc5c4f64",
            "implicit_access_token_issuance_enabled": false,
            "implicit_id_token_issuance_enabled": false,
            "logout_url": "",
            "marketing_url": "",
            "notes": "",
            "object_id": "1cea3725-d247-4d30-9afa-f6babc5c4f64",
            "privacy_statement_url": "",
            "publisher_domain": "antiviruuzgmail.onmicrosoft.com",
            "requested_access_token_version": 2,
            "service_management_reference": "",
            "sign_in_audience": "AzureADMyOrg",
            "support_url": "",
            "terms_of_service_url": "",
            "timeouts": null
          },
          "sensitive_attributes": [],
          "private": "eyJlMmJmYjczMC1lY2FhLTExZTYtOGY4OC0zNDM2M2JjN2M0YzAiOnsiY3JlYXRlIjo2MDAwMDAwMDAwMDAsImRlbGV0ZSI6MzAwMDAwMDAwMDAwLCJyZWFkIjozMDAwMDAwMDAwMDAsInVwZGF0ZSI6NjAwMDAwMDAwMDAwfX0=",
          "dependencies": [
            "data.azuread_user.current_user",
            "data.azurerm_client_config.current"
          ]
        }
      ]
    },
    {
      "mode": "managed",
      "type": "azuread_group",
      "name": "admins",
      "provider": "provider[\"registry.terraform.io/hashicorp/azuread\"]",
      "instances": [
        {
          "schema_version": 0,
          "attributes": {
            "administrative_unit_ids": null,
            "assignable_to_role": false,
            "auto_subscribe_new_members": false,
            "behaviors": null,
            "description": "",
            "display_name": "SG Admins0d800428-c246-45e1-b6c8-75b09b82de2a",
            "dynamic_membership": [],
            "external_senders_allowed": false,
            "hide_from_address_lists": false,
            "hide_from_outlook_clients": false,
            "id": "e991c754-0e5b-49f9-a802-c90a435d1736",
            "mail": "",
            "mail_enabled": false,
            "mail_nickname": "6c6d214f-b",
            "members": [],
            "object_id": "e991c754-0e5b-49f9-a802-c90a435d1736",
            "onpremises_domain_name": "",
            "onpremises_group_type": "",
            "onpremises_netbios_name": "",
            "onpremises_sam_account_name": "",
            "onpremises_security_identifier": "",
            "onpremises_sync_enabled": false,
            "owners": [
              "0d800428-c246-45e1-b6c8-75b09b82de2a"
            ],
            "preferred_language": "",
            "prevent_duplicate_names": false,
            "provisioning_options": null,
            "proxy_addresses": [],
            "security_enabled": true,
            "theme": "",
            "timeouts": null,
            "types": null,
            "visibility": "",
            "writeback_enabled": false
          },
          "sensitive_attributes": [],
          "private": "eyJlMmJmYjczMC1lY2FhLTExZTYtOGY4OC0zNDM2M2JjN2M0YzAiOnsiY3JlYXRlIjoxMjAwMDAwMDAwMDAwLCJkZWxldGUiOjMwMDAwMDAwMDAwMCwicmVhZCI6MzAwMDAwMDAwMDAwLCJ1cGRhdGUiOjEyMDAwMDAwMDAwMDB9fQ==",
          "dependencies": [
            "data.azuread_user.current_user",
            "data.azurerm_client_config.current"
          ]
        }
      ]
    },
    {
      "mode": "managed",
      "type": "azuread_group",
      "name": "developers",
      "provider": "provider[\"registry.terraform.io/hashicorp/azuread\"]",
      "instances": [
        {
          "schema_version": 0,
          "attributes": {
            "administrative_unit_ids": null,
            "assignable_to_role": false,
            "auto_subscribe_new_members": false,
            "behaviors": null,
            "description": "",
            "display_name": "SG Developers0d800428-c246-45e1-b6c8-75b09b82de2a",
            "dynamic_membership": [],
            "external_senders_allowed": false,
            "hide_from_address_lists": false,
            "hide_from_outlook_clients": false,
            "id": "48c60b2a-4d2e-4642-bd22-e9b59d2ca4d6",
            "mail": "",
            "mail_enabled": false,
            "mail_nickname": "4bb314a6-e",
            "members": [],
            "object_id": "48c60b2a-4d2e-4642-bd22-e9b59d2ca4d6",
            "onpremises_domain_name": "",
            "onpremises_group_type": "",
            "onpremises_netbios_name": "",
            "onpremises_sam_account_name": "",
            "onpremises_security_identifier": "",
            "onpremises_sync_enabled": false,
            "owners": [
              "0d800428-c246-45e1-b6c8-75b09b82de2a"
            ],
            "preferred_language": "",
            "prevent_duplicate_names": false,
            "provisioning_options": null,
            "proxy_addresses": [],
            "security_enabled": true,
            "theme": "",
            "timeouts": null,
            "types": null,
            "visibility": "",
            "writeback_enabled": false
          },
          "sensitive_attributes": [],
          "private": "eyJlMmJmYjczMC1lY2FhLTExZTYtOGY4OC0zNDM2M2JjN2M0YzAiOnsiY3JlYXRlIjoxMjAwMDAwMDAwMDAwLCJkZWxldGUiOjMwMDAwMDAwMDAwMCwicmVhZCI6MzAwMDAwMDAwMDAwLCJ1cGRhdGUiOjEyMDAwMDAwMDAwMDB9fQ==",
          "dependencies": [
            "azuread_group.admins",
            "data.azuread_user.current_user",
            "data.azurerm_client_config.current"
          ]
        }
      ]
    },
    {
      "mode": "managed",
      "type": "azuread_group",
      "name": "guests",
      "provider": "provider[\"registry.terraform.io/hashicorp/azuread\"]",
      "instances": [
        {
          "schema_version": 0,
          "attributes": {
            "administrative_unit_ids": null,
            "assignable_to_role": false,
            "auto_subscribe_new_members": false,
            "behaviors": null,
            "description": "",
            "display_name": "SG Guests0d800428-c246-45e1-b6c8-75b09b82de2a",
            "dynamic_membership": [],
            "external_senders_allowed": false,
            "hide_from_address_lists": false,
            "hide_from_outlook_clients": false,
            "id": "b18e2755-6123-4ab8-81f7-97e581f7d7c8",
            "mail": "",
            "mail_enabled": false,
            "mail_nickname": "67b411a8-8",
            "members": [],
            "object_id": "b18e2755-6123-4ab8-81f7-97e581f7d7c8",
            "onpremises_domain_name": "",
            "onpremises_group_type": "",
            "onpremises_netbios_name": "",
            "onpremises_sam_account_name": "",
            "onpremises_security_identifier": "",
            "onpremises_sync_enabled": false,
            "owners": [
              "0d800428-c246-45e1-b6c8-75b09b82de2a"
            ],
            "preferred_language": "",
            "prevent_duplicate_names": false,
            "provisioning_options": null,
            "proxy_addresses": [],
            "security_enabled": true,
            "theme": "",
            "timeouts": null,
            "types": null,
            "visibility": "",
            "writeback_enabled": false
          },
          "sensitive_attributes": [],
          "private": "eyJlMmJmYjczMC1lY2FhLTExZTYtOGY4OC0zNDM2M2JjN2M0YzAiOnsiY3JlYXRlIjoxMjAwMDAwMDAwMDAwLCJkZWxldGUiOjMwMDAwMDAwMDAwMCwicmVhZCI6MzAwMDAwMDAwMDAwLCJ1cGRhdGUiOjEyMDAwMDAwMDAwMDB9fQ==",
          "dependencies": [
            "azuread_group.admins",
            "data.azuread_user.current_user",
            "data.azurerm_client_config.current"
          ]
        }
      ]
    },
    {
      "mode": "managed",
      "type": "azuread_service_principal",
      "name": "app_reg_sp",
      "provider": "provider[\"registry.terraform.io/hashicorp/azuread\"]",
      "instances": [
        {
          "schema_version": 0,
          "attributes": {
            "account_enabled": true,
            "alternative_names": null,
            "app_role_assignment_required": false,
            "app_role_ids": {},
            "app_roles": [],
            "application_id": "3a8900bb-ecb0-4f72-a4b4-d54fcaee5cec",
            "application_tenant_id": "e059c5bb-b32d-43ad-a19c-bc21de8d1387",
            "client_id": "3a8900bb-ecb0-4f72-a4b4-d54fcaee5cec",
            "description": "",
            "display_name": "skillup-0d800428-c246-45e1-b6c8-75b09b82de2a-cicd-app",
            "feature_tags": [
              {
                "custom_single_sign_on": false,
                "enterprise": false,
                "gallery": false,
                "hide": false
              }
            ],
            "features": [
              {
                "custom_single_sign_on_app": false,
                "enterprise_application": false,
                "gallery_application": false,
                "visible_to_users": true
              }
            ],
            "homepage_url": "",
            "id": "15cd6a01-1ff6-46d1-a547-2c61c0b360a2",
            "login_url": "",
            "logout_url": "",
            "notes": "",
            "notification_email_addresses": null,
            "oauth2_permission_scope_ids": {},
            "oauth2_permission_scopes": [],
            "object_id": "15cd6a01-1ff6-46d1-a547-2c61c0b360a2",
            "owners": [
              "0d800428-c246-45e1-b6c8-75b09b82de2a"
            ],
            "preferred_single_sign_on_mode": "",
            "redirect_uris": [],
            "saml_metadata_url": "",
            "saml_single_sign_on": [
              {
                "relay_state": ""
              }
            ],
            "service_principal_names": [],
            "sign_in_audience": "AzureADMyOrg",
            "tags": [],
            "timeouts": null,
            "type": "Application",
            "use_existing": null
          },
          "sensitive_attributes": [],
          "private": "eyJlMmJmYjczMC1lY2FhLTExZTYtOGY4OC0zNDM2M2JjN2M0YzAiOnsiY3JlYXRlIjo2MDAwMDAwMDAwMDAsImRlbGV0ZSI6MzAwMDAwMDAwMDAwLCJyZWFkIjozMDAwMDAwMDAwMDAsInVwZGF0ZSI6NjAwMDAwMDAwMDAwfX0=",
          "dependencies": [
            "azuread_application_registration.app",
            "data.azuread_user.current_user",
            "data.azurerm_client_config.current"
          ]
        }
      ]
    },
    {
      "mode": "managed",
      "type": "azuread_user",
      "name": "users",
      "provider": "provider[\"registry.terraform.io/hashicorp/azuread\"]",
      "instances": [
        {
          "index_key": "user1",
          "schema_version": 0,
          "attributes": {
            "about_me": "",
            "account_enabled": true,
            "age_group": "",
            "business_phones": [],
            "city": "",
            "company_name": "",
            "consent_provided_for_minor": "",
            "cost_center": "",
            "country": "",
            "creation_type": "",
            "department": "",
            "disable_password_expiration": false,
            "disable_strong_password": false,
            "display_name": "dev",
            "division": "",
            "employee_id": "",
            "employee_type": "",
            "external_user_state": "",
            "fax_number": "",
            "force_password_change": false,
            "given_name": "",
            "id": "b66ca4fc-5362-47fa-ba1b-3a7d6ee3a764",
            "im_addresses": [],
            "job_title": "",
            "mail": "",
            "mail_nickname": "user1",
            "manager_id": "",
            "mobile_phone": "",
            "object_id": "b66ca4fc-5362-47fa-ba1b-3a7d6ee3a764",
            "office_location": "",
            "onpremises_distinguished_name": "",
            "onpremises_domain_name": "",
            "onpremises_immutable_id": "",
            "onpremises_sam_account_name": "",
            "onpremises_security_identifier": "",
            "onpremises_sync_enabled": false,
            "onpremises_user_principal_name": "",
            "other_mails": null,
            "password": "0d800428-c246-45e1-b6c8-75b09b82de2ade3!",
            "postal_code": "",
            "preferred_language": "",
            "proxy_addresses": [],
            "show_in_address_list": true,
            "state": "",
            "street_address": "",
            "surname": "",
            "timeouts": null,
            "usage_location": "",
            "user_principal_name": "user1@antiviruuzgmail.onmicrosoft.com",
            "user_type": "Member"
          },
          "sensitive_attributes": [
            [
              {
                "type": "get_attr",
                "value": "password"
              }
            ]
          ],
          "private": "eyJlMmJmYjczMC1lY2FhLTExZTYtOGY4OC0zNDM2M2JjN2M0YzAiOnsiY3JlYXRlIjozMDAwMDAwMDAwMDAsImRlbGV0ZSI6MzAwMDAwMDAwMDAwLCJyZWFkIjozMDAwMDAwMDAwMDAsInVwZGF0ZSI6MzAwMDAwMDAwMDAwfX0=",
          "dependencies": [
            "data.azuread_domains.default",
            "data.azuread_user.current_user",
            "data.azurerm_client_config.current"
          ]
        },
        {
          "index_key": "user2",
          "schema_version": 0,
          "attributes": {
            "about_me": "",
            "account_enabled": true,
            "age_group": "",
            "business_phones": [],
            "city": "",
            "company_name": "",
            "consent_provided_for_minor": "",
            "cost_center": "",
            "country": "",
            "creation_type": "",
            "department": "",
            "disable_password_expiration": false,
            "disable_strong_password": false,
            "display_name": "administrator",
            "division": "",
            "employee_id": "",
            "employee_type": "",
            "external_user_state": "",
            "fax_number": "",
            "force_password_change": false,
            "given_name": "",
            "id": "df0da18e-7247-40c4-add2-a5b019d1b5f7",
            "im_addresses": [],
            "job_title": "",
            "mail": "",
            "mail_nickname": "user2",
            "manager_id": "",
            "mobile_phone": "",
            "object_id": "df0da18e-7247-40c4-add2-a5b019d1b5f7",
            "office_location": "",
            "onpremises_distinguished_name": "",
            "onpremises_domain_name": "",
            "onpremises_immutable_id": "",
            "onpremises_sam_account_name": "",
            "onpremises_security_identifier": "",
            "onpremises_sync_enabled": false,
            "onpremises_user_principal_name": "",
            "other_mails": null,
            "password": "0d800428-c246-45e1-b6c8-75b09b82de2aad13!",
            "postal_code": "",
            "preferred_language": "",
            "proxy_addresses": [],
            "show_in_address_list": true,
            "state": "",
            "street_address": "",
            "surname": "",
            "timeouts": null,
            "usage_location": "",
            "user_principal_name": "user2@antiviruuzgmail.onmicrosoft.com",
            "user_type": "Member"
          },
          "sensitive_attributes": [
            [
              {
                "type": "get_attr",
                "value": "password"
              }
            ]
          ],
          "private": "eyJlMmJmYjczMC1lY2FhLTExZTYtOGY4OC0zNDM2M2JjN2M0YzAiOnsiY3JlYXRlIjozMDAwMDAwMDAwMDAsImRlbGV0ZSI6MzAwMDAwMDAwMDAwLCJyZWFkIjozMDAwMDAwMDAwMDAsInVwZGF0ZSI6MzAwMDAwMDAwMDAwfX0=",
          "dependencies": [
            "data.azuread_domains.default",
            "data.azuread_user.current_user",
            "data.azurerm_client_config.current"
          ]
        },
        {
          "index_key": "user3",
          "schema_version": 0,
          "attributes": {
            "about_me": "",
            "account_enabled": true,
            "age_group": "",
            "business_phones": [],
            "city": "",
            "company_name": "",
            "consent_provided_for_minor": "",
            "cost_center": "",
            "country": "",
            "creation_type": "",
            "department": "",
            "disable_password_expiration": false,
            "disable_strong_password": false,
            "display_name": "guest",
            "division": "",
            "employee_id": "",
            "employee_type": "",
            "external_user_state": "",
            "fax_number": "",
            "force_password_change": false,
            "given_name": "",
            "id": "25b4ac0f-d151-4dda-84a4-330bc2f0fb81",
            "im_addresses": [],
            "job_title": "",
            "mail": "",
            "mail_nickname": "user3",
            "manager_id": "",
            "mobile_phone": "",
            "object_id": "25b4ac0f-d151-4dda-84a4-330bc2f0fb81",
            "office_location": "",
            "onpremises_distinguished_name": "",
            "onpremises_domain_name": "",
            "onpremises_immutable_id": "",
            "onpremises_sam_account_name": "",
            "onpremises_security_identifier": "",
            "onpremises_sync_enabled": false,
            "onpremises_user_principal_name": "",
            "other_mails": null,
            "password": "0d800428-c246-45e1-b6c8-75b09b82de2agu5!",
            "postal_code": "",
            "preferred_language": "",
            "proxy_addresses": [],
            "show_in_address_list": true,
            "state": "",
            "street_address": "",
            "surname": "",
            "timeouts": null,
            "usage_location": "",
            "user_principal_name": "user3@antiviruuzgmail.onmicrosoft.com",
            "user_type": "Member"
          },
          "sensitive_attributes": [
            [
              {
                "type": "get_attr",
                "value": "password"
              }
            ]
          ],
          "private": "eyJlMmJmYjczMC1lY2FhLTExZTYtOGY4OC0zNDM2M2JjN2M0YzAiOnsiY3JlYXRlIjozMDAwMDAwMDAwMDAsImRlbGV0ZSI6MzAwMDAwMDAwMDAwLCJyZWFkIjozMDAwMDAwMDAwMDAsInVwZGF0ZSI6MzAwMDAwMDAwMDAwfX0=",
          "dependencies": [
            "data.azuread_domains.default",
            "data.azuread_user.current_user",
            "data.azurerm_client_config.current"
          ]
        }
      ]
    },
    {
      "mode": "managed",
      "type": "azurerm_application_security_group",
      "name": "dc_asg",
      "provider": "provider[\"registry.terraform.io/hashicorp/azurerm\"]",
      "instances": [
        {
          "schema_version": 0,
          "attributes": {
            "id": "/subscriptions/765485c3-13b5-4756-b831-ac9f71d78d81/resourceGroups/skillup-0d800428-c246-45e1-b6c8-75b09b82de2a-rg/providers/Microsoft.Network/applicationSecurityGroups/dc-asg",
            "location": "eastus",
            "name": "dc-asg",
            "resource_group_name": "skillup-0d800428-c246-45e1-b6c8-75b09b82de2a-rg",
            "tags": null,
            "timeouts": null
          },
          "sensitive_attributes": [],
          "private": "eyJlMmJmYjczMC1lY2FhLTExZTYtOGY4OC0zNDM2M2JjN2M0YzAiOnsiY3JlYXRlIjoxODAwMDAwMDAwMDAwLCJkZWxldGUiOjE4MDAwMDAwMDAwMDAsInJlYWQiOjMwMDAwMDAwMDAwMCwidXBkYXRlIjoxODAwMDAwMDAwMDAwfX0=",
          "dependencies": [
            "azurerm_resource_group.skillup_rg",
            "data.azuread_user.current_user",
            "data.azurerm_client_config.current"
          ]
        }
      ]
    },
    {
      "mode": "managed",
      "type": "azurerm_application_security_group",
      "name": "sql_asg",
      "provider": "provider[\"registry.terraform.io/hashicorp/azurerm\"]",
      "instances": [
        {
          "schema_version": 0,
          "attributes": {
            "id": "/subscriptions/765485c3-13b5-4756-b831-ac9f71d78d81/resourceGroups/skillup-0d800428-c246-45e1-b6c8-75b09b82de2a-rg/providers/Microsoft.Network/applicationSecurityGroups/sql-asg",
            "location": "eastus",
            "name": "sql-asg",
            "resource_group_name": "skillup-0d800428-c246-45e1-b6c8-75b09b82de2a-rg",
            "tags": null,
            "timeouts": null
          },
          "sensitive_attributes": [],
          "private": "eyJlMmJmYjczMC1lY2FhLTExZTYtOGY4OC0zNDM2M2JjN2M0YzAiOnsiY3JlYXRlIjoxODAwMDAwMDAwMDAwLCJkZWxldGUiOjE4MDAwMDAwMDAwMDAsInJlYWQiOjMwMDAwMDAwMDAwMCwidXBkYXRlIjoxODAwMDAwMDAwMDAwfX0=",
          "dependencies": [
            "azurerm_resource_group.skillup_rg",
            "data.azuread_user.current_user",
            "data.azurerm_client_config.current"
          ]
        }
      ]
    },
    {
      "mode": "managed",
      "type": "azurerm_application_security_group",
      "name": "ws_asg",
      "provider": "provider[\"registry.terraform.io/hashicorp/azurerm\"]",
      "instances": [
        {
          "schema_version": 0,
          "attributes": {
            "id": "/subscriptions/765485c3-13b5-4756-b831-ac9f71d78d81/resourceGroups/skillup-0d800428-c246-45e1-b6c8-75b09b82de2a-rg/providers/Microsoft.Network/applicationSecurityGroups/ws-asg",
            "location": "eastus",
            "name": "ws-asg",
            "resource_group_name": "skillup-0d800428-c246-45e1-b6c8-75b09b82de2a-rg",
            "tags": null,
            "timeouts": null
          },
          "sensitive_attributes": [],
          "private": "eyJlMmJmYjczMC1lY2FhLTExZTYtOGY4OC0zNDM2M2JjN2M0YzAiOnsiY3JlYXRlIjoxODAwMDAwMDAwMDAwLCJkZWxldGUiOjE4MDAwMDAwMDAwMDAsInJlYWQiOjMwMDAwMDAwMDAwMCwidXBkYXRlIjoxODAwMDAwMDAwMDAwfX0=",
          "dependencies": [
            "azurerm_resource_group.skillup_rg",
            "data.azuread_user.current_user",
            "data.azurerm_client_config.current"
          ]
        }
      ]
    },
    {
      "mode": "managed",
      "type": "azurerm_network_security_group",
      "name": "skillup_nsg",
      "provider": "provider[\"registry.terraform.io/hashicorp/azurerm\"]",
      "instances": [
        {
          "schema_version": 0,
          "attributes": {
            "id": "/subscriptions/765485c3-13b5-4756-b831-ac9f71d78d81/resourceGroups/skillup-0d800428-c246-45e1-b6c8-75b09b82de2a-rg/providers/Microsoft.Network/networkSecurityGroups/skillup-nsg",
            "location": "eastus",
            "name": "skillup-nsg",
            "resource_group_name": "skillup-0d800428-c246-45e1-b6c8-75b09b82de2a-rg",
            "security_rule": [],
            "tags": null,
            "timeouts": null
          },
          "sensitive_attributes": [],
          "private": "eyJlMmJmYjczMC1lY2FhLTExZTYtOGY4OC0zNDM2M2JjN2M0YzAiOnsiY3JlYXRlIjoxODAwMDAwMDAwMDAwLCJkZWxldGUiOjE4MDAwMDAwMDAwMDAsInJlYWQiOjMwMDAwMDAwMDAwMCwidXBkYXRlIjoxODAwMDAwMDAwMDAwfX0=",
          "dependencies": [
            "azurerm_resource_group.skillup_rg",
            "data.azuread_user.current_user",
            "data.azurerm_client_config.current"
          ]
        }
      ]
    },
    {
      "mode": "managed",
      "type": "azurerm_resource_group",
      "name": "skillup_rg",
      "provider": "provider[\"registry.terraform.io/hashicorp/azurerm\"]",
      "instances": [
        {
          "schema_version": 0,
          "attributes": {
            "id": "/subscriptions/765485c3-13b5-4756-b831-ac9f71d78d81/resourceGroups/skillup-0d800428-c246-45e1-b6c8-75b09b82de2a-rg",
            "location": "eastus",
            "managed_by": "",
            "name": "skillup-0d800428-c246-45e1-b6c8-75b09b82de2a-rg",
            "tags": {
              "purpose": "Skillup",
              "startdate-0d800428-c246-45e1-b6c8-75b09b82de2a": "16.08.24"
            },
            "timeouts": null
          },
          "sensitive_attributes": [],
          "private": "eyJlMmJmYjczMC1lY2FhLTExZTYtOGY4OC0zNDM2M2JjN2M0YzAiOnsiY3JlYXRlIjo1NDAwMDAwMDAwMDAwLCJkZWxldGUiOjU0MDAwMDAwMDAwMDAsInJlYWQiOjMwMDAwMDAwMDAwMCwidXBkYXRlIjo1NDAwMDAwMDAwMDAwfX0=",
          "dependencies": [
            "data.azuread_user.current_user",
            "data.azurerm_client_config.current"
          ]
        }
      ]
    },
    {
      "mode": "managed",
      "type": "azurerm_role_assignment",
      "name": "admin_admin",
      "provider": "provider[\"registry.terraform.io/hashicorp/azurerm\"]",
      "instances": [
        {
          "schema_version": 0,
          "attributes": {
            "condition": "",
            "condition_version": "",
            "delegated_managed_identity_resource_id": "",
            "description": "",
            "id": "/subscriptions/765485c3-13b5-4756-b831-ac9f71d78d81/providers/Microsoft.Authorization/roleAssignments/fe6e7b97-4180-6d2d-1971-644cda241764",
            "name": "fe6e7b97-4180-6d2d-1971-644cda241764",
            "principal_id": "e991c754-0e5b-49f9-a802-c90a435d1736",
            "principal_type": "Group",
            "role_definition_id": "/subscriptions/765485c3-13b5-4756-b831-ac9f71d78d81/providers/Microsoft.Authorization/roleDefinitions/8e3af657-a8ff-443c-a75c-2fe8c4bcb635",
            "role_definition_name": "Owner",
            "scope": "/subscriptions/765485c3-13b5-4756-b831-ac9f71d78d81",
            "skip_service_principal_aad_check": null,
            "timeouts": null
          },
          "sensitive_attributes": [],
          "private": "eyJlMmJmYjczMC1lY2FhLTExZTYtOGY4OC0zNDM2M2JjN2M0YzAiOnsiY3JlYXRlIjoxODAwMDAwMDAwMDAwLCJkZWxldGUiOjE4MDAwMDAwMDAwMDAsInJlYWQiOjMwMDAwMDAwMDAwMCwidXBkYXRlIjoxODAwMDAwMDAwMDAwfX0=",
          "dependencies": [
            "azuread_group.admins",
            "data.azuread_user.current_user",
            "data.azurerm_client_config.current",
            "data.azurerm_subscription.primary"
          ]
        }
      ]
    },
    {
      "mode": "managed",
      "type": "azurerm_role_assignment",
      "name": "contributor_admin_rg",
      "provider": "provider[\"registry.terraform.io/hashicorp/azurerm\"]",
      "instances": [
        {
          "schema_version": 0,
          "attributes": {
            "condition": "",
            "condition_version": "",
            "delegated_managed_identity_resource_id": "",
            "description": "",
            "id": "/subscriptions/765485c3-13b5-4756-b831-ac9f71d78d81/resourceGroups/skillup-0d800428-c246-45e1-b6c8-75b09b82de2a-rg/providers/Microsoft.Authorization/roleAssignments/c3f1a4e5-755e-110a-8e25-d2ace9fe5213",
            "name": "c3f1a4e5-755e-110a-8e25-d2ace9fe5213",
            "principal_id": "e991c754-0e5b-49f9-a802-c90a435d1736",
            "principal_type": "Group",
            "role_definition_id": "/subscriptions/765485c3-13b5-4756-b831-ac9f71d78d81/providers/Microsoft.Authorization/roleDefinitions/b24988ac-6180-42a0-ab88-20f7382dd24c",
            "role_definition_name": "Contributor",
            "scope": "/subscriptions/765485c3-13b5-4756-b831-ac9f71d78d81/resourceGroups/skillup-0d800428-c246-45e1-b6c8-75b09b82de2a-rg",
            "skip_service_principal_aad_check": null,
            "timeouts": null
          },
          "sensitive_attributes": [],
          "private": "eyJlMmJmYjczMC1lY2FhLTExZTYtOGY4OC0zNDM2M2JjN2M0YzAiOnsiY3JlYXRlIjoxODAwMDAwMDAwMDAwLCJkZWxldGUiOjE4MDAwMDAwMDAwMDAsInJlYWQiOjMwMDAwMDAwMDAwMCwidXBkYXRlIjoxODAwMDAwMDAwMDAwfX0=",
          "dependencies": [
            "azuread_group.admins",
            "azurerm_resource_group.skillup_rg",
            "data.azuread_user.current_user",
            "data.azurerm_client_config.current"
          ]
        }
      ]
    },
    {
      "mode": "managed",
      "type": "azurerm_role_assignment",
      "name": "contributor_app_rg",
      "provider": "provider[\"registry.terraform.io/hashicorp/azurerm\"]",
      "instances": [
        {
          "schema_version": 0,
          "attributes": {
            "condition": "",
            "condition_version": "",
            "delegated_managed_identity_resource_id": "",
            "description": "",
            "id": "/subscriptions/765485c3-13b5-4756-b831-ac9f71d78d81/resourceGroups/skillup-0d800428-c246-45e1-b6c8-75b09b82de2a-rg/providers/Microsoft.Authorization/roleAssignments/6e71cbf6-fbfa-c78f-c0bd-1c6729571819",
            "name": "6e71cbf6-fbfa-c78f-c0bd-1c6729571819",
            "principal_id": "15cd6a01-1ff6-46d1-a547-2c61c0b360a2",
            "principal_type": "ServicePrincipal",
            "role_definition_id": "/subscriptions/765485c3-13b5-4756-b831-ac9f71d78d81/providers/Microsoft.Authorization/roleDefinitions/b24988ac-6180-42a0-ab88-20f7382dd24c",
            "role_definition_name": "Contributor",
            "scope": "/subscriptions/765485c3-13b5-4756-b831-ac9f71d78d81/resourceGroups/skillup-0d800428-c246-45e1-b6c8-75b09b82de2a-rg",
            "skip_service_principal_aad_check": null,
            "timeouts": null
          },
          "sensitive_attributes": [],
          "private": "eyJlMmJmYjczMC1lY2FhLTExZTYtOGY4OC0zNDM2M2JjN2M0YzAiOnsiY3JlYXRlIjoxODAwMDAwMDAwMDAwLCJkZWxldGUiOjE4MDAwMDAwMDAwMDAsInJlYWQiOjMwMDAwMDAwMDAwMCwidXBkYXRlIjoxODAwMDAwMDAwMDAwfX0=",
          "dependencies": [
            "azuread_application_registration.app",
            "azuread_service_principal.app_reg_sp",
            "azurerm_resource_group.skillup_rg",
            "data.azuread_user.current_user",
            "data.azurerm_client_config.current"
          ]
        }
      ]
    },
    {
      "mode": "managed",
      "type": "azurerm_role_assignment",
      "name": "dev_reader",
      "provider": "provider[\"registry.terraform.io/hashicorp/azurerm\"]",
      "instances": [
        {
          "schema_version": 0,
          "attributes": {
            "condition": "",
            "condition_version": "",
            "delegated_managed_identity_resource_id": "",
            "description": "",
            "id": "/subscriptions/765485c3-13b5-4756-b831-ac9f71d78d81/providers/Microsoft.Authorization/roleAssignments/42fd071e-7427-0440-2bdc-ae30a6557ad7",
            "name": "42fd071e-7427-0440-2bdc-ae30a6557ad7",
            "principal_id": "48c60b2a-4d2e-4642-bd22-e9b59d2ca4d6",
            "principal_type": "Group",
            "role_definition_id": "/subscriptions/765485c3-13b5-4756-b831-ac9f71d78d81/providers/Microsoft.Authorization/roleDefinitions/acdd72a7-3385-48ef-bd42-f606fba81ae7",
            "role_definition_name": "Reader",
            "scope": "/subscriptions/765485c3-13b5-4756-b831-ac9f71d78d81",
            "skip_service_principal_aad_check": null,
            "timeouts": null
          },
          "sensitive_attributes": [],
          "private": "eyJlMmJmYjczMC1lY2FhLTExZTYtOGY4OC0zNDM2M2JjN2M0YzAiOnsiY3JlYXRlIjoxODAwMDAwMDAwMDAwLCJkZWxldGUiOjE4MDAwMDAwMDAwMDAsInJlYWQiOjMwMDAwMDAwMDAwMCwidXBkYXRlIjoxODAwMDAwMDAwMDAwfX0=",
          "dependencies": [
            "azuread_group.admins",
            "azuread_group.developers",
            "data.azuread_user.current_user",
            "data.azurerm_client_config.current",
            "data.azurerm_subscription.primary"
          ]
        }
      ]
    },
    {
      "mode": "managed",
      "type": "azurerm_role_assignment",
      "name": "guest_reader",
      "provider": "provider[\"registry.terraform.io/hashicorp/azurerm\"]",
      "instances": [
        {
          "schema_version": 0,
          "attributes": {
            "condition": "",
            "condition_version": "",
            "delegated_managed_identity_resource_id": "",
            "description": "",
            "id": "/subscriptions/765485c3-13b5-4756-b831-ac9f71d78d81/providers/Microsoft.Authorization/roleAssignments/ee898dd1-8e2d-e3ad-be58-2b4ae7299529",
            "name": "ee898dd1-8e2d-e3ad-be58-2b4ae7299529",
            "principal_id": "b18e2755-6123-4ab8-81f7-97e581f7d7c8",
            "principal_type": "Group",
            "role_definition_id": "/subscriptions/765485c3-13b5-4756-b831-ac9f71d78d81/providers/Microsoft.Authorization/roleDefinitions/acdd72a7-3385-48ef-bd42-f606fba81ae7",
            "role_definition_name": "Reader",
            "scope": "/subscriptions/765485c3-13b5-4756-b831-ac9f71d78d81",
            "skip_service_principal_aad_check": null,
            "timeouts": null
          },
          "sensitive_attributes": [],
          "private": "eyJlMmJmYjczMC1lY2FhLTExZTYtOGY4OC0zNDM2M2JjN2M0YzAiOnsiY3JlYXRlIjoxODAwMDAwMDAwMDAwLCJkZWxldGUiOjE4MDAwMDAwMDAwMDAsInJlYWQiOjMwMDAwMDAwMDAwMCwidXBkYXRlIjoxODAwMDAwMDAwMDAwfX0=",
          "dependencies": [
            "azuread_group.admins",
            "azuread_group.guests",
            "data.azuread_user.current_user",
            "data.azurerm_client_config.current",
            "data.azurerm_subscription.primary"
          ]
        }
      ]
    },
    {
      "mode": "managed",
      "type": "azurerm_role_assignment",
      "name": "reader_devs_rg",
      "provider": "provider[\"registry.terraform.io/hashicorp/azurerm\"]",
      "instances": [
        {
          "schema_version": 0,
          "attributes": {
            "condition": "",
            "condition_version": "",
            "delegated_managed_identity_resource_id": "",
            "description": "",
            "id": "/subscriptions/765485c3-13b5-4756-b831-ac9f71d78d81/resourceGroups/skillup-0d800428-c246-45e1-b6c8-75b09b82de2a-rg/providers/Microsoft.Authorization/roleAssignments/30cb4fb1-ccb6-3ad2-b8a4-1bf34636f032",
            "name": "30cb4fb1-ccb6-3ad2-b8a4-1bf34636f032",
            "principal_id": "48c60b2a-4d2e-4642-bd22-e9b59d2ca4d6",
            "principal_type": "Group",
            "role_definition_id": "/subscriptions/765485c3-13b5-4756-b831-ac9f71d78d81/providers/Microsoft.Authorization/roleDefinitions/acdd72a7-3385-48ef-bd42-f606fba81ae7",
            "role_definition_name": "Reader",
            "scope": "/subscriptions/765485c3-13b5-4756-b831-ac9f71d78d81/resourceGroups/skillup-0d800428-c246-45e1-b6c8-75b09b82de2a-rg",
            "skip_service_principal_aad_check": null,
            "timeouts": null
          },
          "sensitive_attributes": [],
          "private": "eyJlMmJmYjczMC1lY2FhLTExZTYtOGY4OC0zNDM2M2JjN2M0YzAiOnsiY3JlYXRlIjoxODAwMDAwMDAwMDAwLCJkZWxldGUiOjE4MDAwMDAwMDAwMDAsInJlYWQiOjMwMDAwMDAwMDAwMCwidXBkYXRlIjoxODAwMDAwMDAwMDAwfX0=",
          "dependencies": [
            "azuread_group.admins",
            "azuread_group.developers",
            "azurerm_resource_group.skillup_rg",
            "data.azuread_user.current_user",
            "data.azurerm_client_config.current"
          ]
        }
      ]
    },
    {
      "mode": "managed",
      "type": "azurerm_role_assignment",
      "name": "reader_guest_rg",
      "provider": "provider[\"registry.terraform.io/hashicorp/azurerm\"]",
      "instances": [
        {
          "schema_version": 0,
          "attributes": {
            "condition": "",
            "condition_version": "",
            "delegated_managed_identity_resource_id": "",
            "description": "",
            "id": "/subscriptions/765485c3-13b5-4756-b831-ac9f71d78d81/resourceGroups/skillup-0d800428-c246-45e1-b6c8-75b09b82de2a-rg/providers/Microsoft.Authorization/roleAssignments/a9dff75a-63cc-cb6a-74fb-f682bb6c0923",
            "name": "a9dff75a-63cc-cb6a-74fb-f682bb6c0923",
            "principal_id": "b18e2755-6123-4ab8-81f7-97e581f7d7c8",
            "principal_type": "Group",
            "role_definition_id": "/subscriptions/765485c3-13b5-4756-b831-ac9f71d78d81/providers/Microsoft.Authorization/roleDefinitions/acdd72a7-3385-48ef-bd42-f606fba81ae7",
            "role_definition_name": "Reader",
            "scope": "/subscriptions/765485c3-13b5-4756-b831-ac9f71d78d81/resourceGroups/skillup-0d800428-c246-45e1-b6c8-75b09b82de2a-rg",
            "skip_service_principal_aad_check": null,
            "timeouts": null
          },
          "sensitive_attributes": [],
          "private": "eyJlMmJmYjczMC1lY2FhLTExZTYtOGY4OC0zNDM2M2JjN2M0YzAiOnsiY3JlYXRlIjoxODAwMDAwMDAwMDAwLCJkZWxldGUiOjE4MDAwMDAwMDAwMDAsInJlYWQiOjMwMDAwMDAwMDAwMCwidXBkYXRlIjoxODAwMDAwMDAwMDAwfX0=",
          "dependencies": [
            "azuread_group.admins",
            "azuread_group.guests",
            "azurerm_resource_group.skillup_rg",
            "data.azuread_user.current_user",
            "data.azurerm_client_config.current"
          ]
        }
      ]
    },
    {
      "mode": "managed",
      "type": "azurerm_role_assignment",
      "name": "user_access_admin_rg",
      "provider": "provider[\"registry.terraform.io/hashicorp/azurerm\"]",
      "instances": [
        {
          "schema_version": 0,
          "attributes": {
            "condition": "",
            "condition_version": "",
            "delegated_managed_identity_resource_id": "",
            "description": "",
            "id": "/subscriptions/765485c3-13b5-4756-b831-ac9f71d78d81/resourceGroups/skillup-0d800428-c246-45e1-b6c8-75b09b82de2a-rg/providers/Microsoft.Authorization/roleAssignments/0c599452-cb02-53e3-b6b3-1124a55b9854",
            "name": "0c599452-cb02-53e3-b6b3-1124a55b9854",
            "principal_id": "e991c754-0e5b-49f9-a802-c90a435d1736",
            "principal_type": "Group",
            "role_definition_id": "/subscriptions/765485c3-13b5-4756-b831-ac9f71d78d81/providers/Microsoft.Authorization/roleDefinitions/18d7d88d-d35e-4fb5-a5c3-7773c20a72d9",
            "role_definition_name": "User Access Administrator",
            "scope": "/subscriptions/765485c3-13b5-4756-b831-ac9f71d78d81/resourceGroups/skillup-0d800428-c246-45e1-b6c8-75b09b82de2a-rg",
            "skip_service_principal_aad_check": null,
            "timeouts": null
          },
          "sensitive_attributes": [],
          "private": "eyJlMmJmYjczMC1lY2FhLTExZTYtOGY4OC0zNDM2M2JjN2M0YzAiOnsiY3JlYXRlIjoxODAwMDAwMDAwMDAwLCJkZWxldGUiOjE4MDAwMDAwMDAwMDAsInJlYWQiOjMwMDAwMDAwMDAwMCwidXBkYXRlIjoxODAwMDAwMDAwMDAwfX0=",
          "dependencies": [
            "azuread_group.admins",
            "azurerm_resource_group.skillup_rg",
            "data.azuread_user.current_user",
            "data.azurerm_client_config.current"
          ]
        }
      ]
    },
    {
      "mode": "managed",
      "type": "azurerm_virtual_network",
      "name": "skillup_vnet",
      "provider": "provider[\"registry.terraform.io/hashicorp/azurerm\"]",
      "instances": [
        {
          "schema_version": 0,
          "attributes": {
            "address_space": [
              "172.22.0.0/22"
            ],
            "bgp_community": "",
            "ddos_protection_plan": [],
            "dns_servers": [],
            "edge_zone": "",
            "flow_timeout_in_minutes": 0,
            "guid": "760350b8-a36d-45e0-b719-135caaee79ec",
            "id": "/subscriptions/765485c3-13b5-4756-b831-ac9f71d78d81/resourceGroups/skillup-0d800428-c246-45e1-b6c8-75b09b82de2a-rg/providers/Microsoft.Network/virtualNetworks/skillup-vnet",
            "location": "eastus",
            "name": "skillup-vnet",
            "resource_group_name": "skillup-0d800428-c246-45e1-b6c8-75b09b82de2a-rg",
            "subnet": [
              {
                "address_prefix": "172.22.0.0/23",
                "id": "/subscriptions/765485c3-13b5-4756-b831-ac9f71d78d81/resourceGroups/skillup-0d800428-c246-45e1-b6c8-75b09b82de2a-rg/providers/Microsoft.Network/virtualNetworks/skillup-vnet/subnets/primary-snet1",
                "name": "primary-snet1",
                "security_group": "/subscriptions/765485c3-13b5-4756-b831-ac9f71d78d81/resourceGroups/skillup-0d800428-c246-45e1-b6c8-75b09b82de2a-rg/providers/Microsoft.Network/networkSecurityGroups/skillup-nsg"
              },
              {
                "address_prefix": "172.22.2.0/24",
                "id": "/subscriptions/765485c3-13b5-4756-b831-ac9f71d78d81/resourceGroups/skillup-0d800428-c246-45e1-b6c8-75b09b82de2a-rg/providers/Microsoft.Network/virtualNetworks/skillup-vnet/subnets/webapps-snet",
                "name": "webapps-snet",
                "security_group": "/subscriptions/765485c3-13b5-4756-b831-ac9f71d78d81/resourceGroups/skillup-0d800428-c246-45e1-b6c8-75b09b82de2a-rg/providers/Microsoft.Network/networkSecurityGroups/skillup-nsg"
              }
            ],
            "tags": null,
            "timeouts": null
          },
          "sensitive_attributes": [],
          "private": "eyJlMmJmYjczMC1lY2FhLTExZTYtOGY4OC0zNDM2M2JjN2M0YzAiOnsiY3JlYXRlIjoxODAwMDAwMDAwMDAwLCJkZWxldGUiOjE4MDAwMDAwMDAwMDAsInJlYWQiOjMwMDAwMDAwMDAwMCwidXBkYXRlIjoxODAwMDAwMDAwMDAwfX0=",
          "dependencies": [
            "azurerm_network_security_group.skillup_nsg",
            "azurerm_resource_group.skillup_rg",
            "data.azuread_user.current_user",
            "data.azurerm_client_config.current"
          ]
        }
      ]
    },
    {
      "mode": "managed",
      "type": "null_resource",
      "name": "tag_subscription",
      "provider": "provider[\"registry.terraform.io/hashicorp/null\"]",
      "instances": [
        {
          "schema_version": 0,
          "attributes": {
            "id": "1846905629273779937",
            "triggers": null
          },
          "sensitive_attributes": [],
          "dependencies": [
            "data.azuread_user.current_user",
            "data.azurerm_client_config.current",
            "data.azurerm_subscription.primary"
          ]
        }
      ]
    }
  ],
  "check_results": null
}
